// !$*UTF8*$!
{
	archiveVersion = 1;
	classes = {
	};
	objectVersion = 48;
	objects = {

/* Begin PBXBuildFile section */
		676FCEAC21EC8B270056D71F /* AppDelegate.swift in Sources */ = {isa = PBXBuildFile; fileRef = 676FCEAB21EC8B270056D71F /* AppDelegate.swift */; };
		676FCEAE21EC8B270056D71F /* ViewController.swift in Sources */ = {isa = PBXBuildFile; fileRef = 676FCEAD21EC8B270056D71F /* ViewController.swift */; };
		676FCEB121EC8B270056D71F /* Main.storyboard in Resources */ = {isa = PBXBuildFile; fileRef = 676FCEAF21EC8B270056D71F /* Main.storyboard */; };
		676FCEB321EC8B270056D71F /* Assets.xcassets in Resources */ = {isa = PBXBuildFile; fileRef = 676FCEB221EC8B270056D71F /* Assets.xcassets */; };
		676FCEB621EC8B270056D71F /* LaunchScreen.storyboard in Resources */ = {isa = PBXBuildFile; fileRef = 676FCEB421EC8B270056D71F /* LaunchScreen.storyboard */; };
		676FCEBF21EC8F540056D71F /* UserJson.swift in Sources */ = {isa = PBXBuildFile; fileRef = 676FCEBE21EC8F540056D71F /* UserJson.swift */; };
		676FCEC221EC8F9D0056D71F /* hastenSport.swift in Sources */ = {isa = PBXBuildFile; fileRef = 676FCEC121EC8F9D0056D71F /* hastenSport.swift */; };
		676FCEC421EC90900056D71F /* NetworkService.swift in Sources */ = {isa = PBXBuildFile; fileRef = 676FCEC321EC90900056D71F /* NetworkService.swift */; };
		676FCEC621EC90E20056D71F /* hastenSportsError.swift in Sources */ = {isa = PBXBuildFile; fileRef = 676FCEC521EC90E20056D71F /* hastenSportsError.swift */; };
		676FCECC21EC91FB0056D71F /* String.swift in Sources */ = {isa = PBXBuildFile; fileRef = 676FCECB21EC91FB0056D71F /* String.swift */; };
		676FCECD21EC921D0056D71F /* Localizable.strings in Resources */ = {isa = PBXBuildFile; fileRef = 676FCECF21EC921D0056D71F /* Localizable.strings */; };
		676FCED521ECADD60056D71F /* Parseable.swift in Sources */ = {isa = PBXBuildFile; fileRef = 676FCED421ECADD60056D71F /* Parseable.swift */; };
		676FCED821ECB1630056D71F /* UserCellViewController.swift in Sources */ = {isa = PBXBuildFile; fileRef = 676FCED721ECB1630056D71F /* UserCellViewController.swift */; };
		676FCEDB21ECB2EB0056D71F /* ViewControllerPresenter.swift in Sources */ = {isa = PBXBuildFile; fileRef = 676FCEDA21ECB2EB0056D71F /* ViewControllerPresenter.swift */; };
		676FCEDD21ECB3920056D71F /* BaseViewController.swift in Sources */ = {isa = PBXBuildFile; fileRef = 676FCEDC21ECB3920056D71F /* BaseViewController.swift */; };
		676FCEDF21ECB3E70056D71F /* BasePresenter.swift in Sources */ = {isa = PBXBuildFile; fileRef = 676FCEDE21ECB3E70056D71F /* BasePresenter.swift */; };
		F2858BEF82E9FD2A51E25F4B /* Pods_HASTEN_SPORTS.framework in Frameworks */ = {isa = PBXBuildFile; fileRef = EDFB8B8EA30A6942E8C07B78 /* Pods_HASTEN_SPORTS.framework */; };
/* End PBXBuildFile section */

/* Begin PBXFileReference section */
		47339C35BA9C630DC31785DF /* Pods-HASTEN SPORTS.debug.xcconfig */ = {isa = PBXFileReference; includeInIndex = 1; lastKnownFileType = text.xcconfig; name = "Pods-HASTEN SPORTS.debug.xcconfig"; path = "Pods/Target Support Files/Pods-HASTEN SPORTS/Pods-HASTEN SPORTS.debug.xcconfig"; sourceTree = "<group>"; };
		676FCEA821EC8B270056D71F /* HASTEN SPORTS.app */ = {isa = PBXFileReference; explicitFileType = wrapper.application; includeInIndex = 0; path = "HASTEN SPORTS.app"; sourceTree = BUILT_PRODUCTS_DIR; };
		676FCEAB21EC8B270056D71F /* AppDelegate.swift */ = {isa = PBXFileReference; lastKnownFileType = sourcecode.swift; path = AppDelegate.swift; sourceTree = "<group>"; };
		676FCEAD21EC8B270056D71F /* ViewController.swift */ = {isa = PBXFileReference; lastKnownFileType = sourcecode.swift; path = ViewController.swift; sourceTree = "<group>"; };
		676FCEB021EC8B270056D71F /* Base */ = {isa = PBXFileReference; lastKnownFileType = file.storyboard; name = Base; path = Base.lproj/Main.storyboard; sourceTree = "<group>"; };
		676FCEB221EC8B270056D71F /* Assets.xcassets */ = {isa = PBXFileReference; lastKnownFileType = folder.assetcatalog; path = Assets.xcassets; sourceTree = "<group>"; };
		676FCEB521EC8B270056D71F /* Base */ = {isa = PBXFileReference; lastKnownFileType = file.storyboard; name = Base; path = Base.lproj/LaunchScreen.storyboard; sourceTree = "<group>"; };
		676FCEB721EC8B270056D71F /* Info.plist */ = {isa = PBXFileReference; lastKnownFileType = text.plist.xml; path = Info.plist; sourceTree = "<group>"; };
		676FCEBE21EC8F540056D71F /* UserJson.swift */ = {isa = PBXFileReference; lastKnownFileType = sourcecode.swift; path = UserJson.swift; sourceTree = "<group>"; };
		676FCEC121EC8F9D0056D71F /* hastenSport.swift */ = {isa = PBXFileReference; lastKnownFileType = sourcecode.swift; path = hastenSport.swift; sourceTree = "<group>"; };
		676FCEC321EC90900056D71F /* NetworkService.swift */ = {isa = PBXFileReference; lastKnownFileType = sourcecode.swift; path = NetworkService.swift; sourceTree = "<group>"; };
		676FCEC521EC90E20056D71F /* hastenSportsError.swift */ = {isa = PBXFileReference; lastKnownFileType = sourcecode.swift; path = hastenSportsError.swift; sourceTree = "<group>"; };
		676FCECB21EC91FB0056D71F /* String.swift */ = {isa = PBXFileReference; lastKnownFileType = sourcecode.swift; path = String.swift; sourceTree = "<group>"; };
		676FCECE21EC921D0056D71F /* en */ = {isa = PBXFileReference; lastKnownFileType = text.plist.strings; name = en; path = en.lproj/Localizable.strings; sourceTree = "<group>"; };
		676FCED021EC926E0056D71F /* es */ = {isa = PBXFileReference; lastKnownFileType = text.plist.strings; name = es; path = es.lproj/Main.strings; sourceTree = "<group>"; };
		676FCED121EC926E0056D71F /* es */ = {isa = PBXFileReference; lastKnownFileType = text.plist.strings; name = es; path = es.lproj/LaunchScreen.strings; sourceTree = "<group>"; };
		676FCED221EC926E0056D71F /* es */ = {isa = PBXFileReference; lastKnownFileType = text.plist.strings; name = es; path = es.lproj/Localizable.strings; sourceTree = "<group>"; };
		676FCED421ECADD60056D71F /* Parseable.swift */ = {isa = PBXFileReference; lastKnownFileType = sourcecode.swift; path = Parseable.swift; sourceTree = "<group>"; };
		676FCED721ECB1630056D71F /* UserCellViewController.swift */ = {isa = PBXFileReference; lastKnownFileType = sourcecode.swift; path = UserCellViewController.swift; sourceTree = "<group>"; };
		676FCEDA21ECB2EB0056D71F /* ViewControllerPresenter.swift */ = {isa = PBXFileReference; lastKnownFileType = sourcecode.swift; path = ViewControllerPresenter.swift; sourceTree = "<group>"; };
		676FCEDC21ECB3920056D71F /* BaseViewController.swift */ = {isa = PBXFileReference; lastKnownFileType = sourcecode.swift; path = BaseViewController.swift; sourceTree = "<group>"; };
		676FCEDE21ECB3E70056D71F /* BasePresenter.swift */ = {isa = PBXFileReference; lastKnownFileType = sourcecode.swift; path = BasePresenter.swift; sourceTree = "<group>"; };
		785714FB199FEAFE72637B22 /* Pods-HASTEN SPORTS.release.xcconfig */ = {isa = PBXFileReference; includeInIndex = 1; lastKnownFileType = text.xcconfig; name = "Pods-HASTEN SPORTS.release.xcconfig"; path = "Pods/Target Support Files/Pods-HASTEN SPORTS/Pods-HASTEN SPORTS.release.xcconfig"; sourceTree = "<group>"; };
		EDFB8B8EA30A6942E8C07B78 /* Pods_HASTEN_SPORTS.framework */ = {isa = PBXFileReference; explicitFileType = wrapper.framework; includeInIndex = 0; path = Pods_HASTEN_SPORTS.framework; sourceTree = BUILT_PRODUCTS_DIR; };
/* End PBXFileReference section */

/* Begin PBXFrameworksBuildPhase section */
		676FCEA521EC8B270056D71F /* Frameworks */ = {
			isa = PBXFrameworksBuildPhase;
			buildActionMask = 2147483647;
			files = (
				F2858BEF82E9FD2A51E25F4B /* Pods_HASTEN_SPORTS.framework in Frameworks */,
			);
			runOnlyForDeploymentPostprocessing = 0;
		};
/* End PBXFrameworksBuildPhase section */

/* Begin PBXGroup section */
		676FCE9F21EC8B270056D71F = {
			isa = PBXGroup;
			children = (
				676FCEAA21EC8B270056D71F /* HASTEN SPORTS */,
				676FCEA921EC8B270056D71F /* Products */,
				B1C1471309BDADC6188B6767 /* Pods */,
				ECFD3FF467490D0A8381D855 /* Frameworks */,
			);
			sourceTree = "<group>";
		};
		676FCEA921EC8B270056D71F /* Products */ = {
			isa = PBXGroup;
			children = (
				676FCEA821EC8B270056D71F /* HASTEN SPORTS.app */,
			);
			name = Products;
			sourceTree = "<group>";
		};
		676FCEAA21EC8B270056D71F /* HASTEN SPORTS */ = {
			isa = PBXGroup;
			children = (
				676FCED921ECB2D20056D71F /* Presenter */,
				676FCED621ECAFE60056D71F /* Views */,
				676FCED321ECADC70056D71F /* Protocol */,
				676FCECA21EC91D80056D71F /* Extensions */,
				676FCEC721EC910A0056D71F /* Resources */,
				676FCEC021EC8F5D0056D71F /* Network */,
				676FCEBD21EC8F3E0056D71F /* Model */,
				676FCEAB21EC8B270056D71F /* AppDelegate.swift */,
				676FCEAF21EC8B270056D71F /* Main.storyboard */,
				676FCEB421EC8B270056D71F /* LaunchScreen.storyboard */,
				676FCEB721EC8B270056D71F /* Info.plist */,
			);
			path = "HASTEN SPORTS";
			sourceTree = "<group>";
		};
		676FCEBD21EC8F3E0056D71F /* Model */ = {
			isa = PBXGroup;
			children = (
				676FCEBE21EC8F540056D71F /* UserJson.swift */,
			);
			path = Model;
			sourceTree = "<group>";
		};
		676FCEC021EC8F5D0056D71F /* Network */ = {
			isa = PBXGroup;
			children = (
				676FCEC521EC90E20056D71F /* hastenSportsError.swift */,
				676FCEC121EC8F9D0056D71F /* hastenSport.swift */,
				676FCEC321EC90900056D71F /* NetworkService.swift */,
			);
			path = Network;
			sourceTree = "<group>";
		};
		676FCEC721EC910A0056D71F /* Resources */ = {
			isa = PBXGroup;
			children = (
				676FCEB221EC8B270056D71F /* Assets.xcassets */,
				676FCECF21EC921D0056D71F /* Localizable.strings */,
			);
			path = Resources;
			sourceTree = "<group>";
		};
		676FCECA21EC91D80056D71F /* Extensions */ = {
			isa = PBXGroup;
			children = (
				676FCECB21EC91FB0056D71F /* String.swift */,
			);
			path = Extensions;
			sourceTree = "<group>";
		};
		676FCED321ECADC70056D71F /* Protocol */ = {
			isa = PBXGroup;
			children = (
				676FCED421ECADD60056D71F /* Parseable.swift */,
			);
			path = Protocol;
			sourceTree = "<group>";
		};
		676FCED621ECAFE60056D71F /* Views */ = {
			isa = PBXGroup;
			children = (
				676FCEAD21EC8B270056D71F /* ViewController.swift */,
				676FCED721ECB1630056D71F /* UserCellViewController.swift */,
				676FCEDC21ECB3920056D71F /* BaseViewController.swift */,
			);
			path = Views;
			sourceTree = "<group>";
		};
		676FCED921ECB2D20056D71F /* Presenter */ = {
			isa = PBXGroup;
			children = (
				676FCEDA21ECB2EB0056D71F /* ViewControllerPresenter.swift */,
				676FCEDE21ECB3E70056D71F /* BasePresenter.swift */,
			);
			path = Presenter;
			sourceTree = "<group>";
		};
		B1C1471309BDADC6188B6767 /* Pods */ = {
			isa = PBXGroup;
			children = (
				47339C35BA9C630DC31785DF /* Pods-HASTEN SPORTS.debug.xcconfig */,
				785714FB199FEAFE72637B22 /* Pods-HASTEN SPORTS.release.xcconfig */,
			);
			name = Pods;
			sourceTree = "<group>";
		};
		ECFD3FF467490D0A8381D855 /* Frameworks */ = {
			isa = PBXGroup;
			children = (
				EDFB8B8EA30A6942E8C07B78 /* Pods_HASTEN_SPORTS.framework */,
			);
			name = Frameworks;
			sourceTree = "<group>";
		};
/* End PBXGroup section */

/* Begin PBXNativeTarget section */
		676FCEA721EC8B270056D71F /* HASTEN SPORTS */ = {
			isa = PBXNativeTarget;
			buildConfigurationList = 676FCEBA21EC8B270056D71F /* Build configuration list for PBXNativeTarget "HASTEN SPORTS" */;
			buildPhases = (
				9F1789131AF67FBA42359E41 /* [CP] Check Pods Manifest.lock */,
				676FCEA421EC8B270056D71F /* Sources */,
				676FCEA521EC8B270056D71F /* Frameworks */,
				676FCEA621EC8B270056D71F /* Resources */,
				09B1FE95FC995C12818A89DA /* [CP] Embed Pods Frameworks */,
				3B42270E9BCCA5E104C47A7F /* [CP] Copy Pods Resources */,
			);
			buildRules = (
			);
			dependencies = (
			);
			name = "HASTEN SPORTS";
			productName = "HASTEN SPORTS";
			productReference = 676FCEA821EC8B270056D71F /* HASTEN SPORTS.app */;
			productType = "com.apple.product-type.application";
		};
/* End PBXNativeTarget section */

/* Begin PBXProject section */
		676FCEA021EC8B270056D71F /* Project object */ = {
			isa = PBXProject;
			attributes = {
				LastSwiftUpdateCheck = 0920;
				LastUpgradeCheck = 0920;
				ORGANIZATIONNAME = "Ramón Ramírez Carreras";
				TargetAttributes = {
					676FCEA721EC8B270056D71F = {
						CreatedOnToolsVersion = 9.2;
						ProvisioningStyle = Automatic;
					};
				};
			};
			buildConfigurationList = 676FCEA321EC8B270056D71F /* Build configuration list for PBXProject "HASTEN SPORTS" */;
			compatibilityVersion = "Xcode 8.0";
			developmentRegion = en;
			hasScannedForEncodings = 0;
			knownRegions = (
				en,
				Base,
				es,
			);
			mainGroup = 676FCE9F21EC8B270056D71F;
			productRefGroup = 676FCEA921EC8B270056D71F /* Products */;
			projectDirPath = "";
			projectRoot = "";
			targets = (
				676FCEA721EC8B270056D71F /* HASTEN SPORTS */,
			);
		};
/* End PBXProject section */

/* Begin PBXResourcesBuildPhase section */
		676FCEA621EC8B270056D71F /* Resources */ = {
			isa = PBXResourcesBuildPhase;
			buildActionMask = 2147483647;
			files = (
				676FCEB621EC8B270056D71F /* LaunchScreen.storyboard in Resources */,
				676FCECD21EC921D0056D71F /* Localizable.strings in Resources */,
				676FCEB321EC8B270056D71F /* Assets.xcassets in Resources */,
				676FCEB121EC8B270056D71F /* Main.storyboard in Resources */,
			);
			runOnlyForDeploymentPostprocessing = 0;
		};
/* End PBXResourcesBuildPhase section */

/* Begin PBXShellScriptBuildPhase section */
		09B1FE95FC995C12818A89DA /* [CP] Embed Pods Frameworks */ = {
			isa = PBXShellScriptBuildPhase;
			buildActionMask = 2147483647;
			files = (
			);
			inputPaths = (
				"${SRCROOT}/Pods/Target Support Files/Pods-HASTEN SPORTS/Pods-HASTEN SPORTS-frameworks.sh",
				"${BUILT_PRODUCTS_DIR}/Alamofire/Alamofire.framework",
				"${BUILT_PRODUCTS_DIR}/Moya/Moya.framework",
				"${BUILT_PRODUCTS_DIR}/Result/Result.framework",
				"${BUILT_PRODUCTS_DIR}/SwiftyJSON/SwiftyJSON.framework",
			);
			name = "[CP] Embed Pods Frameworks";
			outputPaths = (
				"${TARGET_BUILD_DIR}/${FRAMEWORKS_FOLDER_PATH}/Alamofire.framework",
				"${TARGET_BUILD_DIR}/${FRAMEWORKS_FOLDER_PATH}/Moya.framework",
				"${TARGET_BUILD_DIR}/${FRAMEWORKS_FOLDER_PATH}/Result.framework",
				"${TARGET_BUILD_DIR}/${FRAMEWORKS_FOLDER_PATH}/SwiftyJSON.framework",
			);
			runOnlyForDeploymentPostprocessing = 0;
			shellPath = /bin/sh;
			shellScript = "\"${SRCROOT}/Pods/Target Support Files/Pods-HASTEN SPORTS/Pods-HASTEN SPORTS-frameworks.sh\"\n";
			showEnvVarsInLog = 0;
		};
		3B42270E9BCCA5E104C47A7F /* [CP] Copy Pods Resources */ = {
			isa = PBXShellScriptBuildPhase;
			buildActionMask = 2147483647;
			files = (
			);
			inputPaths = (
			);
			name = "[CP] Copy Pods Resources";
			outputPaths = (
			);
			runOnlyForDeploymentPostprocessing = 0;
			shellPath = /bin/sh;
			shellScript = "\"${SRCROOT}/Pods/Target Support Files/Pods-HASTEN SPORTS/Pods-HASTEN SPORTS-resources.sh\"\n";
			showEnvVarsInLog = 0;
		};
		9F1789131AF67FBA42359E41 /* [CP] Check Pods Manifest.lock */ = {
			isa = PBXShellScriptBuildPhase;
			buildActionMask = 2147483647;
			files = (
			);
			inputPaths = (
				"${PODS_PODFILE_DIR_PATH}/Podfile.lock",
				"${PODS_ROOT}/Manifest.lock",
			);
			name = "[CP] Check Pods Manifest.lock";
			outputPaths = (
				"$(DERIVED_FILE_DIR)/Pods-HASTEN SPORTS-checkManifestLockResult.txt",
			);
			runOnlyForDeploymentPostprocessing = 0;
			shellPath = /bin/sh;
			shellScript = "diff \"${PODS_PODFILE_DIR_PATH}/Podfile.lock\" \"${PODS_ROOT}/Manifest.lock\" > /dev/null\nif [ $? != 0 ] ; then\n    # print error to STDERR\n    echo \"error: The sandbox is not in sync with the Podfile.lock. Run 'pod install' or update your CocoaPods installation.\" >&2\n    exit 1\nfi\n# This output is used by Xcode 'outputs' to avoid re-running this script phase.\necho \"SUCCESS\" > \"${SCRIPT_OUTPUT_FILE_0}\"\n";
			showEnvVarsInLog = 0;
		};
/* End PBXShellScriptBuildPhase section */

/* Begin PBXSourcesBuildPhase section */
		676FCEA421EC8B270056D71F /* Sources */ = {
			isa = PBXSourcesBuildPhase;
			buildActionMask = 2147483647;
			files = (
				676FCEC421EC90900056D71F /* NetworkService.swift in Sources */,
				676FCEDF21ECB3E70056D71F /* BasePresenter.swift in Sources */,
				676FCED521ECADD60056D71F /* Parseable.swift in Sources */,
				676FCEDD21ECB3920056D71F /* BaseViewController.swift in Sources */,
				676FCEAE21EC8B270056D71F /* ViewController.swift in Sources */,
				676FCEDB21ECB2EB0056D71F /* ViewControllerPresenter.swift in Sources */,
				676FCEAC21EC8B270056D71F /* AppDelegate.swift in Sources */,
				676FCED821ECB1630056D71F /* UserCellViewController.swift in Sources */,
				676FCEBF21EC8F540056D71F /* UserJson.swift in Sources */,
				676FCECC21EC91FB0056D71F /* String.swift in Sources */,
				676FCEC621EC90E20056D71F /* hastenSportsError.swift in Sources */,
				676FCEC221EC8F9D0056D71F /* hastenSport.swift in Sources */,
			);
			runOnlyForDeploymentPostprocessing = 0;
		};
/* End PBXSourcesBuildPhase section */

/* Begin PBXVariantGroup section */
		676FCEAF21EC8B270056D71F /* Main.storyboard */ = {
			isa = PBXVariantGroup;
			children = (
				676FCEB021EC8B270056D71F /* Base */,
				676FCED021EC926E0056D71F /* es */,
			);
			name = Main.storyboard;
			sourceTree = "<group>";
		};
		676FCEB421EC8B270056D71F /* LaunchScreen.storyboard */ = {
			isa = PBXVariantGroup;
			children = (
				676FCEB521EC8B270056D71F /* Base */,
				676FCED121EC926E0056D71F /* es */,
			);
			name = LaunchScreen.storyboard;
			sourceTree = "<group>";
		};
		676FCECF21EC921D0056D71F /* Localizable.strings */ = {
			isa = PBXVariantGroup;
			children = (
				676FCECE21EC921D0056D71F /* en */,
				676FCED221EC926E0056D71F /* es */,
			);
			name = Localizable.strings;
			sourceTree = "<group>";
		};
/* End PBXVariantGroup section */

/* Begin XCBuildConfiguration section */
		676FCEB821EC8B270056D71F /* Debug */ = {
			isa = XCBuildConfiguration;
			buildSettings = {
				ALWAYS_SEARCH_USER_PATHS = NO;
				CLANG_ANALYZER_LOCALIZABILITY_NONLOCALIZED = YES;
				CLANG_ANALYZER_NONNULL = YES;
				CLANG_ANALYZER_NUMBER_OBJECT_CONVERSION = YES_AGGRESSIVE;
				CLANG_CXX_LANGUAGE_STANDARD = "gnu++14";
				CLANG_CXX_LIBRARY = "libc++";
				CLANG_ENABLE_MODULES = YES;
				CLANG_ENABLE_OBJC_ARC = YES;
				CLANG_WARN_BLOCK_CAPTURE_AUTORELEASING = YES;
				CLANG_WARN_BOOL_CONVERSION = YES;
				CLANG_WARN_COMMA = YES;
				CLANG_WARN_CONSTANT_CONVERSION = YES;
				CLANG_WARN_DIRECT_OBJC_ISA_USAGE = YES_ERROR;
				CLANG_WARN_DOCUMENTATION_COMMENTS = YES;
				CLANG_WARN_EMPTY_BODY = YES;
				CLANG_WARN_ENUM_CONVERSION = YES;
				CLANG_WARN_INFINITE_RECURSION = YES;
				CLANG_WARN_INT_CONVERSION = YES;
				CLANG_WARN_NON_LITERAL_NULL_CONVERSION = YES;
				CLANG_WARN_OBJC_LITERAL_CONVERSION = YES;
				CLANG_WARN_OBJC_ROOT_CLASS = YES_ERROR;
				CLANG_WARN_RANGE_LOOP_ANALYSIS = YES;
				CLANG_WARN_STRICT_PROTOTYPES = YES;
				CLANG_WARN_SUSPICIOUS_MOVE = YES;
				CLANG_WARN_UNGUARDED_AVAILABILITY = YES_AGGRESSIVE;
				CLANG_WARN_UNREACHABLE_CODE = YES;
				CLANG_WARN__DUPLICATE_METHOD_MATCH = YES;
				CODE_SIGN_IDENTITY = "iPhone Developer";
				COPY_PHASE_STRIP = NO;
				DEBUG_INFORMATION_FORMAT = dwarf;
				ENABLE_STRICT_OBJC_MSGSEND = YES;
				ENABLE_TESTABILITY = YES;
				GCC_C_LANGUAGE_STANDARD = gnu11;
				GCC_DYNAMIC_NO_PIC = NO;
				GCC_NO_COMMON_BLOCKS = YES;
				GCC_OPTIMIZATION_LEVEL = 0;
				GCC_PREPROCESSOR_DEFINITIONS = (
					"DEBUG=1",
					"$(inherited)",
				);
				GCC_WARN_64_TO_32_BIT_CONVERSION = YES;
				GCC_WARN_ABOUT_RETURN_TYPE = YES_ERROR;
				GCC_WARN_UNDECLARED_SELECTOR = YES;
				GCC_WARN_UNINITIALIZED_AUTOS = YES_AGGRESSIVE;
				GCC_WARN_UNUSED_FUNCTION = YES;
				GCC_WARN_UNUSED_VARIABLE = YES;
				IPHONEOS_DEPLOYMENT_TARGET = 11.2;
				MTL_ENABLE_DEBUG_INFO = YES;
				ONLY_ACTIVE_ARCH = YES;
				SDKROOT = iphoneos;
				SWIFT_ACTIVE_COMPILATION_CONDITIONS = DEBUG;
				SWIFT_OPTIMIZATION_LEVEL = "-Onone";
			};
			name = Debug;
		};
		676FCEB921EC8B270056D71F /* Release */ = {
			isa = XCBuildConfiguration;
			buildSettings = {
				ALWAYS_SEARCH_USER_PATHS = NO;
				CLANG_ANALYZER_LOCALIZABILITY_NONLOCALIZED = YES;
				CLANG_ANALYZER_NONNULL = YES;
				CLANG_ANALYZER_NUMBER_OBJECT_CONVERSION = YES_AGGRESSIVE;
				CLANG_CXX_LANGUAGE_STANDARD = "gnu++14";
				CLANG_CXX_LIBRARY = "libc++";
				CLANG_ENABLE_MODULES = YES;
				CLANG_ENABLE_OBJC_ARC = YES;
				CLANG_WARN_BLOCK_CAPTURE_AUTORELEASING = YES;
				CLANG_WARN_BOOL_CONVERSION = YES;
				CLANG_WARN_COMMA = YES;
				CLANG_WARN_CONSTANT_CONVERSION = YES;
				CLANG_WARN_DIRECT_OBJC_ISA_USAGE = YES_ERROR;
				CLANG_WARN_DOCUMENTATION_COMMENTS = YES;
				CLANG_WARN_EMPTY_BODY = YES;
				CLANG_WARN_ENUM_CONVERSION = YES;
				CLANG_WARN_INFINITE_RECURSION = YES;
				CLANG_WARN_INT_CONVERSION = YES;
				CLANG_WARN_NON_LITERAL_NULL_CONVERSION = YES;
				CLANG_WARN_OBJC_LITERAL_CONVERSION = YES;
				CLANG_WARN_OBJC_ROOT_CLASS = YES_ERROR;
				CLANG_WARN_RANGE_LOOP_ANALYSIS = YES;
				CLANG_WARN_STRICT_PROTOTYPES = YES;
				CLANG_WARN_SUSPICIOUS_MOVE = YES;
				CLANG_WARN_UNGUARDED_AVAILABILITY = YES_AGGRESSIVE;
				CLANG_WARN_UNREACHABLE_CODE = YES;
				CLANG_WARN__DUPLICATE_METHOD_MATCH = YES;
				CODE_SIGN_IDENTITY = "iPhone Developer";
				COPY_PHASE_STRIP = NO;
				DEBUG_INFORMATION_FORMAT = "dwarf-with-dsym";
				ENABLE_NS_ASSERTIONS = NO;
				ENABLE_STRICT_OBJC_MSGSEND = YES;
				GCC_C_LANGUAGE_STANDARD = gnu11;
				GCC_NO_COMMON_BLOCKS = YES;
				GCC_WARN_64_TO_32_BIT_CONVERSION = YES;
				GCC_WARN_ABOUT_RETURN_TYPE = YES_ERROR;
				GCC_WARN_UNDECLARED_SELECTOR = YES;
				GCC_WARN_UNINITIALIZED_AUTOS = YES_AGGRESSIVE;
				GCC_WARN_UNUSED_FUNCTION = YES;
				GCC_WARN_UNUSED_VARIABLE = YES;
				IPHONEOS_DEPLOYMENT_TARGET = 11.2;
				MTL_ENABLE_DEBUG_INFO = NO;
				SDKROOT = iphoneos;
				SWIFT_OPTIMIZATION_LEVEL = "-Owholemodule";
				VALIDATE_PRODUCT = YES;
			};
			name = Release;
		};
		676FCEBB21EC8B270056D71F /* Debug */ = {
			isa = XCBuildConfiguration;
			baseConfigurationReference = 47339C35BA9C630DC31785DF /* Pods-HASTEN SPORTS.debug.xcconfig */;
			buildSettings = {
				ASSETCATALOG_COMPILER_APPICON_NAME = AppIcon;
				CODE_SIGN_STYLE = Automatic;
				DEVELOPMENT_TEAM = Z5E67YQ27P;
				INFOPLIST_FILE = "HASTEN SPORTS/Info.plist";
				LD_RUNPATH_SEARCH_PATHS = "$(inherited) @executable_path/Frameworks";
				PRODUCT_BUNDLE_IDENTIFIER = "test.entrevista.HASTEN-SPORTS";
				PRODUCT_NAME = "$(TARGET_NAME)";
				SWIFT_VERSION = 4.0;
				TARGETED_DEVICE_FAMILY = "1,2";
			};
			name = Debug;
		};
		676FCEBC21EC8B270056D71F /* Release */ = {
			isa = XCBuildConfiguration;
			baseConfigurationReference = 785714FB199FEAFE72637B22 /* Pods-HASTEN SPORTS.release.xcconfig */;
			buildSettings = {
				ASSETCATALOG_COMPILER_APPICON_NAME = AppIcon;
				CODE_SIGN_STYLE = Automatic;
				DEVELOPMENT_TEAM = Z5E67YQ27P;
				INFOPLIST_FILE = "HASTEN SPORTS/Info.plist";
				LD_RUNPATH_SEARCH_PATHS = "$(inherited) @executable_path/Frameworks";
				PRODUCT_BUNDLE_IDENTIFIER = "test.entrevista.HASTEN-SPORTS";
				PRODUCT_NAME = "$(TARGET_NAME)";
				SWIFT_VERSION = 4.0;
				TARGETED_DEVICE_FAMILY = "1,2";
			};
			name = Release;
		};
/* End XCBuildConfiguration section */

/* Begin XCConfigurationList section */
		676FCEA321EC8B270056D71F /* Build configuration list for PBXProject "HASTEN SPORTS" */ = {
			isa = XCConfigurationList;
			buildConfigurations = (
				676FCEB821EC8B270056D71F /* Debug */,
				676FCEB921EC8B270056D71F /* Release */,
			);
			defaultConfigurationIsVisible = 0;
			defaultConfigurationName = Release;
		};
		676FCEBA21EC8B270056D71F /* Build configuration list for PBXNativeTarget "HASTEN SPORTS" */ = {
			isa = XCConfigurationList;
			buildConfigurations = (
				676FCEBB21EC8B270056D71F /* Debug */,
				676FCEBC21EC8B270056D71F /* Release */,
			);
			defaultConfigurationIsVisible = 0;
			defaultConfigurationName = Release;
		};
/* End XCConfigurationList section */
	};
	rootObject = 676FCEA021EC8B270056D71F /* Project object */;
}
